
Microsoft Visual Studio Solution File, Format Version 12.00
# Visual Studio Version 16
VisualStudioVersion = 16.0.29926.136
MinimumVisualStudioVersion = 10.0.40219.1
Project("{2150E333-8FDC-42A3-9474-1A3956D46DE8}") = "Application", "Application", "{DAB24496-12C9-441A-A202-C284CB0CB631}"
EndProject
Project("{2150E333-8FDC-42A3-9474-1A3956D46DE8}") = "Tests", "Tests", "{E4551835-462E-488E-9A76-CA508537C469}"
EndProject
Project("{2150E333-8FDC-42A3-9474-1A3956D46DE8}") = "Application.Tests", "Application.Tests", "{7ACF60A4-5A1E-4208-901D-7F83BDD62D6B}"
EndProject
Project("{2150E333-8FDC-42A3-9474-1A3956D46DE8}") = "Domain", "Domain", "{9939350E-F273-45D3-8A10-67464F3C598D}"
EndProject
Project("{2150E333-8FDC-42A3-9474-1A3956D46DE8}") = "Domain.Tests", "Domain.Tests", "{E75D248E-EC83-409A-A8BE-DD5267787DE2}"
EndProject
Project("{2150E333-8FDC-42A3-9474-1A3956D46DE8}") = "Infrastructure", "Infrastructure", "{BCD111B0-02E0-4637-9E18-ED934E4F5D54}"
EndProject
Project("{2150E333-8FDC-42A3-9474-1A3956D46DE8}") = "Infrastructure.Tests", "Infrastructure.Tests", "{B26706CC-8709-4B7A-802F-C3D77D5DC18E}"
EndProject
Project("{9A19103F-16F7-4668-BE54-9A1E7A4F7556}") = "Drakon.App", "Application\Drakon.App\Drakon.App.csproj", "{0861C610-258E-4E1B-8700-D4D6BFD5CBBA}"
EndProject
Project("{9A19103F-16F7-4668-BE54-9A1E7A4F7556}") = "Drakon.App.ViewModels", "Application\Drakon.App.ViewModels\Drakon.App.ViewModels.csproj", "{2E4BB9D4-A119-432B-AF22-71E72DA507CC}"
EndProject
Project("{9A19103F-16F7-4668-BE54-9A1E7A4F7556}") = "Tests.Drakon.App.ViewModels", "Tests\Application\Tests.Drakon.App.ViewModels\Tests.Drakon.App.ViewModels.csproj", "{247D7AB7-F4A0-4F07-BAE6-48A58FFCEA37}"
EndProject
Project("{FAE04EC0-301F-11D3-BF4B-00C04F79EFBC}") = "Drakon.Domain.ProjectServices", "Domain\Drakon.Domain.ProjectServices\Drakon.Domain.ProjectServices.csproj", "{9DC172A9-CFAF-486D-B590-ED752795FB13}"
EndProject
Project("{2150E333-8FDC-42A3-9474-1A3956D46DE8}") = "Bootstrappers", "Bootstrappers", "{2A4598C2-69CA-4A43-885F-985BED5AF7B8}"
EndProject
Project("{FAE04EC0-301F-11D3-BF4B-00C04F79EFBC}") = "Drakon.Bootstrapper", "Bootstrappers\Drakon.Bootstrapper\Drakon.Bootstrapper.csproj", "{394AD32D-59F6-408D-ADC1-2C6B1EC7EF86}"
EndProject
Project("{FAE04EC0-301F-11D3-BF4B-00C04F79EFBC}") = "Drakon.Infrastructure.ProjectServices", "Infrastructure\Drakon.Infrastructure.ProjectServices\Drakon.Infrastructure.ProjectServices.csproj", "{EF87A65C-AABD-4F9B-BCDE-4E23D11054D3}"
EndProject
Project("{FAE04EC0-301F-11D3-BF4B-00C04F79EFBC}") = "Drakon.Domain.Base", "Domain\Drakon.Domain.Base\Drakon.Domain.Base.csproj", "{F4014D35-6D11-44B4-8DF2-1301AEC7B3A0}"
EndProject
Global
	GlobalSection(SolutionConfigurationPlatforms) = preSolution
		Debug|Any CPU = Debug|Any CPU
		Release|Any CPU = Release|Any CPU
	EndGlobalSection
	GlobalSection(ProjectConfigurationPlatforms) = postSolution
		{0861C610-258E-4E1B-8700-D4D6BFD5CBBA}.Debug|Any CPU.ActiveCfg = Debug|Any CPU
		{0861C610-258E-4E1B-8700-D4D6BFD5CBBA}.Debug|Any CPU.Build.0 = Debug|Any CPU
		{0861C610-258E-4E1B-8700-D4D6BFD5CBBA}.Release|Any CPU.ActiveCfg = Release|Any CPU
		{0861C610-258E-4E1B-8700-D4D6BFD5CBBA}.Release|Any CPU.Build.0 = Release|Any CPU
		{2E4BB9D4-A119-432B-AF22-71E72DA507CC}.Debug|Any CPU.ActiveCfg = Debug|Any CPU
		{2E4BB9D4-A119-432B-AF22-71E72DA507CC}.Debug|Any CPU.Build.0 = Debug|Any CPU
		{2E4BB9D4-A119-432B-AF22-71E72DA507CC}.Release|Any CPU.ActiveCfg = Release|Any CPU
		{2E4BB9D4-A119-432B-AF22-71E72DA507CC}.Release|Any CPU.Build.0 = Release|Any CPU
		{247D7AB7-F4A0-4F07-BAE6-48A58FFCEA37}.Debug|Any CPU.ActiveCfg = Debug|Any CPU
		{247D7AB7-F4A0-4F07-BAE6-48A58FFCEA37}.Debug|Any CPU.Build.0 = Debug|Any CPU
		{247D7AB7-F4A0-4F07-BAE6-48A58FFCEA37}.Release|Any CPU.ActiveCfg = Release|Any CPU
		{247D7AB7-F4A0-4F07-BAE6-48A58FFCEA37}.Release|Any CPU.Build.0 = Release|Any CPU
		{9DC172A9-CFAF-486D-B590-ED752795FB13}.Debug|Any CPU.ActiveCfg = Debug|Any CPU
		{9DC172A9-CFAF-486D-B590-ED752795FB13}.Debug|Any CPU.Build.0 = Debug|Any CPU
		{9DC172A9-CFAF-486D-B590-ED752795FB13}.Release|Any CPU.ActiveCfg = Release|Any CPU
		{9DC172A9-CFAF-486D-B590-ED752795FB13}.Release|Any CPU.Build.0 = Release|Any CPU
		{394AD32D-59F6-408D-ADC1-2C6B1EC7EF86}.Debug|Any CPU.ActiveCfg = Debug|Any CPU
		{394AD32D-59F6-408D-ADC1-2C6B1EC7EF86}.Debug|Any CPU.Build.0 = Debug|Any CPU
		{394AD32D-59F6-408D-ADC1-2C6B1EC7EF86}.Release|Any CPU.ActiveCfg = Release|Any CPU
		{394AD32D-59F6-408D-ADC1-2C6B1EC7EF86}.Release|Any CPU.Build.0 = Release|Any CPU
		{EF87A65C-AABD-4F9B-BCDE-4E23D11054D3}.Debug|Any CPU.ActiveCfg = Debug|Any CPU
		{EF87A65C-AABD-4F9B-BCDE-4E23D11054D3}.Debug|Any CPU.Build.0 = Debug|Any CPU
		{EF87A65C-AABD-4F9B-BCDE-4E23D11054D3}.Release|Any CPU.ActiveCfg = Release|Any CPU
		{EF87A65C-AABD-4F9B-BCDE-4E23D11054D3}.Release|Any CPU.Build.0 = Release|Any CPU
		{F4014D35-6D11-44B4-8DF2-1301AEC7B3A0}.Debug|Any CPU.ActiveCfg = Debug|Any CPU
		{F4014D35-6D11-44B4-8DF2-1301AEC7B3A0}.Debug|Any CPU.Build.0 = Debug|Any CPU
		{F4014D35-6D11-44B4-8DF2-1301AEC7B3A0}.Release|Any CPU.ActiveCfg = Release|Any CPU
		{F4014D35-6D11-44B4-8DF2-1301AEC7B3A0}.Release|Any CPU.Build.0 = Release|Any CPU
	EndGlobalSection
	GlobalSection(SolutionProperties) = preSolution
		HideSolutionNode = FALSE
	EndGlobalSection
	GlobalSection(NestedProjects) = preSolution
		{7ACF60A4-5A1E-4208-901D-7F83BDD62D6B} = {E4551835-462E-488E-9A76-CA508537C469}
		{E75D248E-EC83-409A-A8BE-DD5267787DE2} = {E4551835-462E-488E-9A76-CA508537C469}
		{B26706CC-8709-4B7A-802F-C3D77D5DC18E} = {E4551835-462E-488E-9A76-CA508537C469}
		{0861C610-258E-4E1B-8700-D4D6BFD5CBBA} = {DAB24496-12C9-441A-A202-C284CB0CB631}
		{2E4BB9D4-A119-432B-AF22-71E72DA507CC} = {DAB24496-12C9-441A-A202-C284CB0CB631}
		{247D7AB7-F4A0-4F07-BAE6-48A58FFCEA37} = {7ACF60A4-5A1E-4208-901D-7F83BDD62D6B}
		{9DC172A9-CFAF-486D-B590-ED752795FB13} = {9939350E-F273-45D3-8A10-67464F3C598D}
		{394AD32D-59F6-408D-ADC1-2C6B1EC7EF86} = {2A4598C2-69CA-4A43-885F-985BED5AF7B8}
		{EF87A65C-AABD-4F9B-BCDE-4E23D11054D3} = {BCD111B0-02E0-4637-9E18-ED934E4F5D54}
		{F4014D35-6D11-44B4-8DF2-1301AEC7B3A0} = {9939350E-F273-45D3-8A10-67464F3C598D}
	EndGlobalSection
	GlobalSection(ExtensibilityGlobals) = postSolution
		SolutionGuid = {BB233E6F-96F2-46CE-A965-8253B99D83A0}
	EndGlobalSection
EndGlobal
